
Microsoft Visual Studio Solution File, Format Version 12.00
# Visual Studio Version 17
VisualStudioVersion = 17.9.34714.143
MinimumVisualStudioVersion = 10.0.40219.1
Project("{FAE04EC0-301F-11D3-BF4B-00C04F79EFBC}") = "GitPracticecode", "GitPracticecode.csproj", "{67DB3DDF-F712-44EC-99E2-CCAD4DDCBC6F}"
EndProject
Global
	GlobalSection(SolutionConfigurationPlatforms) = preSolution
		Debug|Any CPU = Debug|Any CPU
		Release|Any CPU = Release|Any CPU
	EndGlobalSection
	GlobalSection(ProjectConfigurationPlatforms) = postSolution
		{67DB3DDF-F712-44EC-99E2-CCAD4DDCBC6F}.Debug|Any CPU.ActiveCfg = Debug|Any CPU
		{67DB3DDF-F712-44EC-99E2-CCAD4DDCBC6F}.Debug|Any CPU.Build.0 = Debug|Any CPU
		{67DB3DDF-F712-44EC-99E2-CCAD4DDCBC6F}.Release|Any CPU.ActiveCfg = Release|Any CPU
		{67DB3DDF-F712-44EC-99E2-CCAD4DDCBC6F}.Release|Any CPU.Build.0 = Release|Any CPU
	EndGlobalSection
	GlobalSection(SolutionProperties) = preSolution
		HideSolutionNode = FALSE
	EndGlobalSection
	GlobalSection(ExtensibilityGlobals) = postSolution
		SolutionGuid = {6FD83B57-0CE9-434B-970E-874CC1A9EE65}
	EndGlobalSection
EndGlobal
